{
  "name": "Encapsula",
  "lockfileVersion": 3,
  "requires": true,
  "packages": {
    "": {
      "dependencies": {
        "encapsula-client": "^0.1.0"
      }
    },
    "node_modules/encapsula-client": {
      "version": "0.1.0",
      "resolved": "https://registry.npmjs.org/encapsula-client/-/encapsula-client-0.1.0.tgz",
      "integrity": "sha512-RGj5RjgsGIbIbQ/O13gc6Bx1WTbUU2dx/nF3Q2mAkmI4cHw1drc5A+3U7E7y0w4nvwvGtFRo9ARSqOtpzWbWRg==",
      "license": "MIT",
      "peerDependencies": {
        "axios": ">=1.0.0"
      },
      "peerDependenciesMeta": {
        "axios": {
          "optional": true
        }
      }
    }
  }
}
